// !$*UTF8*$!
{
	archiveVersion = 1;
	classes = {
	};
	objectVersion = 77;
	objects = {

/* Begin PBXBuildFile section */
		3A3510A32DE06C250043F47E /* SDWebImageSwiftUI in Frameworks */ = {isa = PBXBuildFile; productRef = 3A3510A22DE06C250043F47E /* SDWebImageSwiftUI */; };
		97C298992DD5B4080099CABD /* Auth in Frameworks */ = {isa = PBXBuildFile; productRef = 97C298982DD5B4080099CABD /* Auth */; };
		97C2989B2DD5B4080099CABD /* Functions in Frameworks */ = {isa = PBXBuildFile; productRef = 97C2989A2DD5B4080099CABD /* Functions */; };
		97C2989D2DD5B4080099CABD /* PostgREST in Frameworks */ = {isa = PBXBuildFile; productRef = 97C2989C2DD5B4080099CABD /* PostgREST */; };
		97C2989F2DD5B4080099CABD /* Realtime in Frameworks */ = {isa = PBXBuildFile; productRef = 97C2989E2DD5B4080099CABD /* Realtime */; };
		97C298A12DD5B4080099CABD /* Storage in Frameworks */ = {isa = PBXBuildFile; productRef = 97C298A02DD5B4080099CABD /* Storage */; };
		97C298A42DD5B4130099CABD /* Supabase in Frameworks */ = {isa = PBXBuildFile; productRef = 97C298A32DD5B4130099CABD /* Supabase */; };
/* End PBXBuildFile section */

/* Begin PBXFileReference section */
		97C298742DD5AF700099CABD /* iKisanSathi.app */ = {isa = PBXFileReference; explicitFileType = wrapper.application; includeInIndex = 0; path = iKisanSathi.app; sourceTree = BUILT_PRODUCTS_DIR; };
/* End PBXFileReference section */

/* Begin PBXFileSystemSynchronizedRootGroup section */
		97C298762DD5AF700099CABD /* iKisanSathi */ = {
			isa = PBXFileSystemSynchronizedRootGroup;
			path = iKisanSathi;
			sourceTree = "<group>";
		};
/* End PBXFileSystemSynchronizedRootGroup section */

/* Begin PBXFrameworksBuildPhase section */
		97C298712DD5AF700099CABD /* Frameworks */ = {
			isa = PBXFrameworksBuildPhase;
			buildActionMask = 2147483647;
			files = (
				3A3510A32DE06C250043F47E /* SDWebImageSwiftUI in Frameworks */,
				97C2989D2DD5B4080099CABD /* PostgREST in Frameworks */,
				97C2989B2DD5B4080099CABD /* Functions in Frameworks */,
				97C298A42DD5B4130099CABD /* Supabase in Frameworks */,
				97C298992DD5B4080099CABD /* Auth in Frameworks */,
				97C298A12DD5B4080099CABD /* Storage in Frameworks */,
				97C2989F2DD5B4080099CABD /* Realtime in Frameworks */,
			);
			runOnlyForDeploymentPostprocessing = 0;
		};
/* End PBXFrameworksBuildPhase section */

/* Begin PBXGroup section */
		97C2986B2DD5AF700099CABD = {
			isa = PBXGroup;
			children = (
				97C298762DD5AF700099CABD /* iKisanSathi */,
				97C298A22DD5B4130099CABD /* Frameworks */,
				97C298752DD5AF700099CABD /* Products */,
			);
			sourceTree = "<group>";
		};
		97C298752DD5AF700099CABD /* Products */ = {
			isa = PBXGroup;
			children = (
				97C298742DD5AF700099CABD /* iKisanSathi.app */,
			);
			name = Products;
			sourceTree = "<group>";
		};
		97C298A22DD5B4130099CABD /* Frameworks */ = {
			isa = PBXGroup;
			children = (
			);
			name = Frameworks;
			sourceTree = "<group>";
		};
/* End PBXGroup section */

/* Begin PBXNativeTarget section */
		97C298732DD5AF700099CABD /* iKisanSathi */ = {
			isa = PBXNativeTarget;
			buildConfigurationList = 97C298822DD5AF710099CABD /* Build configuration list for PBXNativeTarget "iKisanSathi" */;
			buildPhases = (
				97C298702DD5AF700099CABD /* Sources */,
				97C298712DD5AF700099CABD /* Frameworks */,
				97C298722DD5AF700099CABD /* Resources */,
			);
			buildRules = (
			);
			dependencies = (
			);
			fileSystemSynchronizedGroups = (
				97C298762DD5AF700099CABD /* iKisanSathi */,
			);
			name = iKisanSathi;
			packageProductDependencies = (
				97C298982DD5B4080099CABD /* Auth */,
				97C2989A2DD5B4080099CABD /* Functions */,
				97C2989C2DD5B4080099CABD /* PostgREST */,
				97C2989E2DD5B4080099CABD /* Realtime */,
				97C298A02DD5B4080099CABD /* Storage */,
				97C298A32DD5B4130099CABD /* Supabase */,
				3A3510A22DE06C250043F47E /* SDWebImageSwiftUI */,
			);
			productName = iKasanproducer;
			productReference = 97C298742DD5AF700099CABD /* iKisanSathi.app */;
			productType = "com.apple.product-type.application";
		};
/* End PBXNativeTarget section */

/* Begin PBXProject section */
		97C2986C2DD5AF700099CABD /* Project object */ = {
			isa = PBXProject;
			attributes = {
				BuildIndependentTargetsInParallel = 1;
				LastSwiftUpdateCheck = 1620;
				LastUpgradeCheck = 1620;
				TargetAttributes = {
					97C298732DD5AF700099CABD = {
						CreatedOnToolsVersion = 16.2;
					};
				};
			};
			buildConfigurationList = 97C2986F2DD5AF700099CABD /* Build configuration list for PBXProject "iKisanSathi" */;
			developmentRegion = en;
			hasScannedForEncodings = 0;
			knownRegions = (
				en,
				Base,
			);
			mainGroup = 97C2986B2DD5AF700099CABD;
			minimizedProjectReferenceProxies = 1;
			packageReferences = (
				97C298972DD5B4080099CABD /* XCRemoteSwiftPackageReference "supabase-swift" */,
				3A3510A12DE06C250043F47E /* XCRemoteSwiftPackageReference "SDWebImageSwiftUI" */,
			);
			preferredProjectObjectVersion = 77;
			productRefGroup = 97C298752DD5AF700099CABD /* Products */;
			projectDirPath = "";
			projectRoot = "";
			targets = (
				97C298732DD5AF700099CABD /* iKisanSathi */,
			);
		};
/* End PBXProject section */

/* Begin PBXResourcesBuildPhase section */
		97C298722DD5AF700099CABD /* Resources */ = {
			isa = PBXResourcesBuildPhase;
			buildActionMask = 2147483647;
			files = (
			);
			runOnlyForDeploymentPostprocessing = 0;
		};
/* End PBXResourcesBuildPhase section */

/* Begin PBXSourcesBuildPhase section */
		97C298702DD5AF700099CABD /* Sources */ = {
			isa = PBXSourcesBuildPhase;
			buildActionMask = 2147483647;
			files = (
			);
			runOnlyForDeploymentPostprocessing = 0;
		};
/* End PBXSourcesBuildPhase section */

/* Begin XCBuildConfiguration section */
		97C298802DD5AF710099CABD /* Debug */ = {
			isa = XCBuildConfiguration;
			buildSettings = {
				ALWAYS_SEARCH_USER_PATHS = NO;
				ASSETCATALOG_COMPILER_GENERATE_SWIFT_ASSET_SYMBOL_EXTENSIONS = YES;
				CLANG_ANALYZER_NONNULL = YES;
				CLANG_ANALYZER_NUMBER_OBJECT_CONVERSION = YES_AGGRESSIVE;
				CLANG_CXX_LANGUAGE_STANDARD = "gnu++20";
				CLANG_ENABLE_MODULES = YES;
				CLANG_ENABLE_OBJC_ARC = YES;
				CLANG_ENABLE_OBJC_WEAK = YES;
				CLANG_WARN_BLOCK_CAPTURE_AUTORELEASING = YES;
				CLANG_WARN_BOOL_CONVERSION = YES;
				CLANG_WARN_COMMA = YES;
				CLANG_WARN_CONSTANT_CONVERSION = YES;
				CLANG_WARN_DEPRECATED_OBJC_IMPLEMENTATIONS = YES;
				CLANG_WARN_DIRECT_OBJC_ISA_USAGE = YES_ERROR;
				CLANG_WARN_DOCUMENTATION_COMMENTS = YES;
				CLANG_WARN_EMPTY_BODY = YES;
				CLANG_WARN_ENUM_CONVERSION = YES;
				CLANG_WARN_INFINITE_RECURSION = YES;
				CLANG_WARN_INT_CONVERSION = YES;
				CLANG_WARN_NON_LITERAL_NULL_CONVERSION = YES;
				CLANG_WARN_OBJC_IMPLICIT_RETAIN_SELF = YES;
				CLANG_WARN_OBJC_LITERAL_CONVERSION = YES;
				CLANG_WARN_OBJC_ROOT_CLASS = YES_ERROR;
				CLANG_WARN_QUOTED_INCLUDE_IN_FRAMEWORK_HEADER = YES;
				CLANG_WARN_RANGE_LOOP_ANALYSIS = YES;
				CLANG_WARN_STRICT_PROTOTYPES = YES;
				CLANG_WARN_SUSPICIOUS_MOVE = YES;
				CLANG_WARN_UNGUARDED_AVAILABILITY = YES_AGGRESSIVE;
				CLANG_WARN_UNREACHABLE_CODE = YES;
				CLANG_WARN__DUPLICATE_METHOD_MATCH = YES;
				COPY_PHASE_STRIP = NO;
				DEBUG_INFORMATION_FORMAT = dwarf;
				ENABLE_STRICT_OBJC_MSGSEND = YES;
				ENABLE_TESTABILITY = YES;
				ENABLE_USER_SCRIPT_SANDBOXING = YES;
				GCC_C_LANGUAGE_STANDARD = gnu17;
				GCC_DYNAMIC_NO_PIC = NO;
				GCC_NO_COMMON_BLOCKS = YES;
				GCC_OPTIMIZATION_LEVEL = 0;
				GCC_PREPROCESSOR_DEFINITIONS = (
					"DEBUG=1",
					"$(inherited)",
				);
				GCC_WARN_64_TO_32_BIT_CONVERSION = YES;
				GCC_WARN_ABOUT_RETURN_TYPE = YES_ERROR;
				GCC_WARN_UNDECLARED_SELECTOR = YES;
				GCC_WARN_UNINITIALIZED_AUTOS = YES_AGGRESSIVE;
				GCC_WARN_UNUSED_FUNCTION = YES;
				GCC_WARN_UNUSED_VARIABLE = YES;
				IPHONEOS_DEPLOYMENT_TARGET = 18.2;
				LOCALIZATION_PREFERS_STRING_CATALOGS = YES;
				MTL_ENABLE_DEBUG_INFO = INCLUDE_SOURCE;
				MTL_FAST_MATH = YES;
				ONLY_ACTIVE_ARCH = YES;
				SDKROOT = iphoneos;
				SWIFT_ACTIVE_COMPILATION_CONDITIONS = "DEBUG $(inherited)";
				SWIFT_OPTIMIZATION_LEVEL = "-Onone";
			};
			name = Debug;
		};
		97C298812DD5AF710099CABD /* Release */ = {
			isa = XCBuildConfiguration;
			buildSettings = {
				ALWAYS_SEARCH_USER_PATHS = NO;
				ASSETCATALOG_COMPILER_GENERATE_SWIFT_ASSET_SYMBOL_EXTENSIONS = YES;
				CLANG_ANALYZER_NONNULL = YES;
				CLANG_ANALYZER_NUMBER_OBJECT_CONVERSION = YES_AGGRESSIVE;
				CLANG_CXX_LANGUAGE_STANDARD = "gnu++20";
				CLANG_ENABLE_MODULES = YES;
				CLANG_ENABLE_OBJC_ARC = YES;
				CLANG_ENABLE_OBJC_WEAK = YES;
				CLANG_WARN_BLOCK_CAPTURE_AUTORELEASING = YES;
				CLANG_WARN_BOOL_CONVERSION = YES;
				CLANG_WARN_COMMA = YES;
				CLANG_WARN_CONSTANT_CONVERSION = YES;
				CLANG_WARN_DEPRECATED_OBJC_IMPLEMENTATIONS = YES;
				CLANG_WARN_DIRECT_OBJC_ISA_USAGE = YES_ERROR;
				CLANG_WARN_DOCUMENTATION_COMMENTS = YES;
				CLANG_WARN_EMPTY_BODY = YES;
				CLANG_WARN_ENUM_CONVERSION = YES;
				CLANG_WARN_INFINITE_RECURSION = YES;
				CLANG_WARN_INT_CONVERSION = YES;
				CLANG_WARN_NON_LITERAL_NULL_CONVERSION = YES;
				CLANG_WARN_OBJC_IMPLICIT_RETAIN_SELF = YES;
				CLANG_WARN_OBJC_LITERAL_CONVERSION = YES;
				CLANG_WARN_OBJC_ROOT_CLASS = YES_ERROR;
				CLANG_WARN_QUOTED_INCLUDE_IN_FRAMEWORK_HEADER = YES;
				CLANG_WARN_RANGE_LOOP_ANALYSIS = YES;
				CLANG_WARN_STRICT_PROTOTYPES = YES;
				CLANG_WARN_SUSPICIOUS_MOVE = YES;
				CLANG_WARN_UNGUARDED_AVAILABILITY = YES_AGGRESSIVE;
				CLANG_WARN_UNREACHABLE_CODE = YES;
				CLANG_WARN__DUPLICATE_METHOD_MATCH = YES;
				COPY_PHASE_STRIP = NO;
				DEBUG_INFORMATION_FORMAT = "dwarf-with-dsym";
				ENABLE_NS_ASSERTIONS = NO;
				ENABLE_STRICT_OBJC_MSGSEND = YES;
				ENABLE_USER_SCRIPT_SANDBOXING = YES;
				GCC_C_LANGUAGE_STANDARD = gnu17;
				GCC_NO_COMMON_BLOCKS = YES;
				GCC_WARN_64_TO_32_BIT_CONVERSION = YES;
				GCC_WARN_ABOUT_RETURN_TYPE = YES_ERROR;
				GCC_WARN_UNDECLARED_SELECTOR = YES;
				GCC_WARN_UNINITIALIZED_AUTOS = YES_AGGRESSIVE;
				GCC_WARN_UNUSED_FUNCTION = YES;
				GCC_WARN_UNUSED_VARIABLE = YES;
				IPHONEOS_DEPLOYMENT_TARGET = 18.2;
				LOCALIZATION_PREFERS_STRING_CATALOGS = YES;
				MTL_ENABLE_DEBUG_INFO = NO;
				MTL_FAST_MATH = YES;
				SDKROOT = iphoneos;
				SWIFT_COMPILATION_MODE = wholemodule;
				VALIDATE_PRODUCT = YES;
			};
			name = Release;
		};
		97C298832DD5AF710099CABD /* Debug */ = {
			isa = XCBuildConfiguration;
			buildSettings = {
				ASSETCATALOG_COMPILER_APPICON_NAME = AppIcon;
				ASSETCATALOG_COMPILER_GLOBAL_ACCENT_COLOR_NAME = AccentColor;
				CODE_SIGN_ENTITLEMENTS = iKisanSathi/iKisanSathi.entitlements;
				CODE_SIGN_STYLE = Automatic;
				CURRENT_PROJECT_VERSION = 1;
				DEVELOPMENT_ASSET_PATHS = "\"iKisanSathi/Preview Content\"";
				DEVELOPMENT_TEAM = 73B8W4ZN6V;
				ENABLE_PREVIEWS = YES;
				GENERATE_INFOPLIST_FILE = YES;
				INFOPLIST_KEY_NSLocationWhenInUseUsageDescription = "iKisan needs your location to help you specify where your equipment is located and to show nearby farmers who need your services.";
				INFOPLIST_KEY_UIApplicationSceneManifest_Generation = YES;
				INFOPLIST_KEY_UIApplicationSupportsIndirectInputEvents = YES;
				INFOPLIST_KEY_UILaunchScreen_Generation = YES;
				INFOPLIST_KEY_UISupportedInterfaceOrientations_iPad = "UIInterfaceOrientationPortrait UIInterfaceOrientationPortraitUpsideDown UIInterfaceOrientationLandscapeLeft UIInterfaceOrientationLandscapeRight";
				INFOPLIST_KEY_UISupportedInterfaceOrientations_iPhone = "UIInterfaceOrientationPortrait UIInterfaceOrientationLandscapeLeft UIInterfaceOrientationLandscapeRight";
				LD_RUNPATH_SEARCH_PATHS = (
					"$(inherited)",
					"@executable_path/Frameworks",
				);
				MARKETING_VERSION = 1.0;
				PRODUCT_BUNDLE_IDENTIFIER = com.ikisan.ikisanProducer;
				PRODUCT_NAME = "$(TARGET_NAME)";
				SWIFT_EMIT_LOC_STRINGS = YES;
				SWIFT_VERSION = 5.0;
				TARGETED_DEVICE_FAMILY = "1,2";
			};
			name = Debug;
		};
		97C298842DD5AF710099CABD /* Release */ = {
			isa = XCBuildConfiguration;
			buildSettings = {
				ASSETCATALOG_COMPILER_APPICON_NAME = AppIcon;
				ASSETCATALOG_COMPILER_GLOBAL_ACCENT_COLOR_NAME = AccentColor;
				CODE_SIGN_ENTITLEMENTS = iKisanSathi/iKisanSathi.entitlements;
				CODE_SIGN_STYLE = Automatic;
				CURRENT_PROJECT_VERSION = 1;
				DEVELOPMENT_ASSET_PATHS = "\"iKisanSathi/Preview Content\"";
				DEVELOPMENT_TEAM = 73B8W4ZN6V;
				ENABLE_PREVIEWS = YES;
				GENERATE_INFOPLIST_FILE = YES;
				INFOPLIST_KEY_NSLocationWhenInUseUsageDescription = "iKisan needs your location to help you specify where your equipment is located and to show nearby farmers who need your services.";
				INFOPLIST_KEY_UIApplicationSceneManifest_Generation = YES;
				INFOPLIST_KEY_UIApplicationSupportsIndirectInputEvents = YES;
				INFOPLIST_KEY_UILaunchScreen_Generation = YES;
				INFOPLIST_KEY_UISupportedInterfaceOrientations_iPad = "UIInterfaceOrientationPortrait UIInterfaceOrientationPortraitUpsideDown UIInterfaceOrientationLandscapeLeft UIInterfaceOrientationLandscapeRight";
				INFOPLIST_KEY_UISupportedInterfaceOrientations_iPhone = "UIInterfaceOrientationPortrait UIInterfaceOrientationLandscapeLeft UIInterfaceOrientationLandscapeRight";
				LD_RUNPATH_SEARCH_PATHS = (
					"$(inherited)",
					"@executable_path/Frameworks",
				);
				MARKETING_VERSION = 1.0;
				PRODUCT_BUNDLE_IDENTIFIER = com.ikisan.ikisanProducer;
				PRODUCT_NAME = "$(TARGET_NAME)";
				SWIFT_EMIT_LOC_STRINGS = YES;
				SWIFT_VERSION = 5.0;
				TARGETED_DEVICE_FAMILY = "1,2";
			};
			name = Release;
		};
/* End XCBuildConfiguration section */

/* Begin XCConfigurationList section */
		97C2986F2DD5AF700099CABD /* Build configuration list for PBXProject "iKisanSathi" */ = {
			isa = XCConfigurationList;
			buildConfigurations = (
				97C298802DD5AF710099CABD /* Debug */,
				97C298812DD5AF710099CABD /* Release */,
			);
			defaultConfigurationIsVisible = 0;
			defaultConfigurationName = Release;
		};
		97C298822DD5AF710099CABD /* Build configuration list for PBXNativeTarget "iKisanSathi" */ = {
			isa = XCConfigurationList;
			buildConfigurations = (
				97C298832DD5AF710099CABD /* Debug */,
				97C298842DD5AF710099CABD /* Release */,
			);
			defaultConfigurationIsVisible = 0;
			defaultConfigurationName = Release;
		};
/* End XCConfigurationList section */

/* Begin XCRemoteSwiftPackageReference section */
		3A3510A12DE06C250043F47E /* XCRemoteSwiftPackageReference "SDWebImageSwiftUI" */ = {
			isa = XCRemoteSwiftPackageReference;
			repositoryURL = "https://github.com/SDWebImage/SDWebImageSwiftUI.git";
			requirement = {
				kind = upToNextMajorVersion;
				minimumVersion = 3.1.3;
			};
		};
		97C298972DD5B4080099CABD /* XCRemoteSwiftPackageReference "supabase-swift" */ = {
			isa = XCRemoteSwiftPackageReference;
			repositoryURL = "https://github.com/supabase-community/supabase-swift";
			requirement = {
				kind = upToNextMajorVersion;
				minimumVersion = 2.5.1;
			};
		};
/* End XCRemoteSwiftPackageReference section */

/* Begin XCSwiftPackageProductDependency section */
		3A3510A22DE06C250043F47E /* SDWebImageSwiftUI */ = {
			isa = XCSwiftPackageProductDependency;
			package = 3A3510A12DE06C250043F47E /* XCRemoteSwiftPackageReference "SDWebImageSwiftUI" */;
			productName = SDWebImageSwiftUI;
		};
		97C298982DD5B4080099CABD /* Auth */ = {
			isa = XCSwiftPackageProductDependency;
			package = 97C298972DD5B4080099CABD /* XCRemoteSwiftPackageReference "supabase-swift" */;
			productName = Auth;
		};
		97C2989A2DD5B4080099CABD /* Functions */ = {
			isa = XCSwiftPackageProductDependency;
			package = 97C298972DD5B4080099CABD /* XCRemoteSwiftPackageReference "supabase-swift" */;
			productName = Functions;
		};
		97C2989C2DD5B4080099CABD /* PostgREST */ = {
			isa = XCSwiftPackageProductDependency;
			package = 97C298972DD5B4080099CABD /* XCRemoteSwiftPackageReference "supabase-swift" */;
			productName = PostgREST;
		};
		97C2989E2DD5B4080099CABD /* Realtime */ = {
			isa = XCSwiftPackageProductDependency;
			package = 97C298972DD5B4080099CABD /* XCRemoteSwiftPackageReference "supabase-swift" */;
			productName = Realtime;
		};
		97C298A02DD5B4080099CABD /* Storage */ = {
			isa = XCSwiftPackageProductDependency;
			package = 97C298972DD5B4080099CABD /* XCRemoteSwiftPackageReference "supabase-swift" */;
			productName = Storage;
		};
		97C298A32DD5B4130099CABD /* Supabase */ = {
			isa = XCSwiftPackageProductDependency;
			package = 97C298972DD5B4080099CABD /* XCRemoteSwiftPackageReference "supabase-swift" */;
			productName = Supabase;
		};
/* End XCSwiftPackageProductDependency section */
	};
	rootObject = 97C2986C2DD5AF700099CABD /* Project object */;
}
